
Microsoft Visual Studio Solution File, Format Version 12.00
# Visual Studio 15
VisualStudioVersion = 15.0.26124.0
MinimumVisualStudioVersion = 15.0.26124.0
Project("{FAE04EC0-301F-11D3-BF4B-00C04F79EFBC}") = "CryptoCommons", "CryptoCommons\CryptoCommons.csproj", "{F440D349-8D2D-4F94-A7F2-0B36E2DBB9DE}"
EndProject
Project("{FAE04EC0-301F-11D3-BF4B-00C04F79EFBC}") = "CryptoCommons.Tests", "CryptoCommons.Tests\CryptoCommons.Tests.csproj", "{4F01C59C-596A-48F6-AB3F-F530C7E19658}"
EndProject
Global
	GlobalSection(SolutionConfigurationPlatforms) = preSolution
		Debug|Any CPU = Debug|Any CPU
		Debug|x64 = Debug|x64
		Debug|x86 = Debug|x86
		Release|Any CPU = Release|Any CPU
		Release|x64 = Release|x64
		Release|x86 = Release|x86
	EndGlobalSection
	GlobalSection(SolutionProperties) = preSolution
		HideSolutionNode = FALSE
	EndGlobalSection
	GlobalSection(ProjectConfigurationPlatforms) = postSolution
		{F440D349-8D2D-4F94-A7F2-0B36E2DBB9DE}.Debug|Any CPU.ActiveCfg = Debug|Any CPU
		{F440D349-8D2D-4F94-A7F2-0B36E2DBB9DE}.Debug|Any CPU.Build.0 = Debug|Any CPU
		{F440D349-8D2D-4F94-A7F2-0B36E2DBB9DE}.Debug|x64.ActiveCfg = Debug|Any CPU
		{F440D349-8D2D-4F94-A7F2-0B36E2DBB9DE}.Debug|x64.Build.0 = Debug|Any CPU
		{F440D349-8D2D-4F94-A7F2-0B36E2DBB9DE}.Debug|x86.ActiveCfg = Debug|Any CPU
		{F440D349-8D2D-4F94-A7F2-0B36E2DBB9DE}.Debug|x86.Build.0 = Debug|Any CPU
		{F440D349-8D2D-4F94-A7F2-0B36E2DBB9DE}.Release|Any CPU.ActiveCfg = Release|Any CPU
		{F440D349-8D2D-4F94-A7F2-0B36E2DBB9DE}.Release|Any CPU.Build.0 = Release|Any CPU
		{F440D349-8D2D-4F94-A7F2-0B36E2DBB9DE}.Release|x64.ActiveCfg = Release|Any CPU
		{F440D349-8D2D-4F94-A7F2-0B36E2DBB9DE}.Release|x64.Build.0 = Release|Any CPU
		{F440D349-8D2D-4F94-A7F2-0B36E2DBB9DE}.Release|x86.ActiveCfg = Release|Any CPU
		{F440D349-8D2D-4F94-A7F2-0B36E2DBB9DE}.Release|x86.Build.0 = Release|Any CPU
		{4F01C59C-596A-48F6-AB3F-F530C7E19658}.Debug|Any CPU.ActiveCfg = Debug|Any CPU
		{4F01C59C-596A-48F6-AB3F-F530C7E19658}.Debug|Any CPU.Build.0 = Debug|Any CPU
		{4F01C59C-596A-48F6-AB3F-F530C7E19658}.Debug|x64.ActiveCfg = Debug|Any CPU
		{4F01C59C-596A-48F6-AB3F-F530C7E19658}.Debug|x64.Build.0 = Debug|Any CPU
		{4F01C59C-596A-48F6-AB3F-F530C7E19658}.Debug|x86.ActiveCfg = Debug|Any CPU
		{4F01C59C-596A-48F6-AB3F-F530C7E19658}.Debug|x86.Build.0 = Debug|Any CPU
		{4F01C59C-596A-48F6-AB3F-F530C7E19658}.Release|Any CPU.ActiveCfg = Release|Any CPU
		{4F01C59C-596A-48F6-AB3F-F530C7E19658}.Release|Any CPU.Build.0 = Release|Any CPU
		{4F01C59C-596A-48F6-AB3F-F530C7E19658}.Release|x64.ActiveCfg = Release|Any CPU
		{4F01C59C-596A-48F6-AB3F-F530C7E19658}.Release|x64.Build.0 = Release|Any CPU
		{4F01C59C-596A-48F6-AB3F-F530C7E19658}.Release|x86.ActiveCfg = Release|Any CPU
		{4F01C59C-596A-48F6-AB3F-F530C7E19658}.Release|x86.Build.0 = Release|Any CPU
	EndGlobalSection
EndGlobal
